
Microsoft Visual Studio Solution File, Format Version 12.00
# Visual Studio Version 16
VisualStudioVersion = 16.0.810.25
MinimumVisualStudioVersion = 10.0.40219.1
Project("{F2A71F9B-5D33-465A-A702-920D77279786}") = "AniMaps", "AniMaps\AniMaps.fsproj", "{9B076A70-FA01-40A8-B559-356EF33FFC70}"
EndProject
Global
	GlobalSection(SolutionConfigurationPlatforms) = preSolution
		Debug|Any CPU = Debug|Any CPU
		Release|Any CPU = Release|Any CPU
	EndGlobalSection
	GlobalSection(ProjectConfigurationPlatforms) = postSolution
		{9B076A70-FA01-40A8-B559-356EF33FFC70}.Debug|Any CPU.ActiveCfg = Debug|Any CPU
		{9B076A70-FA01-40A8-B559-356EF33FFC70}.Debug|Any CPU.Build.0 = Debug|Any CPU
		{9B076A70-FA01-40A8-B559-356EF33FFC70}.Release|Any CPU.ActiveCfg = Release|Any CPU
		{9B076A70-FA01-40A8-B559-356EF33FFC70}.Release|Any CPU.Build.0 = Release|Any CPU
	EndGlobalSection
	GlobalSection(SolutionProperties) = preSolution
		HideSolutionNode = FALSE
	EndGlobalSection
	GlobalSection(ExtensibilityGlobals) = postSolution
		SolutionGuid = {C71FFB14-6B0A-4A9D-BB87-1EBC8253DF36}
	EndGlobalSection
EndGlobal
